github.com/MonetDB/MonetDB-Go v1.0.1 h1:Nna8O/4CarfpbcX1kFJYsFcg86wfmowZHE0abXsJjnU=
github.com/MonetDB/MonetDB-Go v1.0.1/go.mod h1:camniXrjGJnMoXXgZWhUY+2nKPVfjKmcA5mmrjuV2+A=
github.com/gorilla/mux v1.8.0 h1:i40aqfkR1h2SlN9hojwV5ZA91wcXFOvkdNIeFDP5koI=
github.com/gorilla/mux v1.8.0/go.mod h1:DVbg23sWSpFRCP0SfiEN6jmj59UnW/n46BH5rLB71So=
